
Microsoft Visual Studio Solution File, Format Version 12.00
# Visual Studio Version 17
VisualStudioVersion = 17.11.35303.130
MinimumVisualStudioVersion = 10.0.40219.1
Project("{2150E333-8FDC-42A3-9474-1A3956D46DE8}") = "BackEnd", "BackEnd", "{04E9BA1B-BA0F-497F-86D1-E9633725B8A0}"
EndProject
Project("{2150E333-8FDC-42A3-9474-1A3956D46DE8}") = "FrontEnd", "FrontEnd", "{BF5EF060-8389-4861-8BDC-A056C7B88901}"
EndProject
Project("{9A19103F-16F7-4668-BE54-9A1E7A4F7556}") = "MedicalAppointments.Domain", "MedicalAppointments.Domain\MedicalAppointments.Domain.csproj", "{4A1C57AD-1D3E-4A21-94C8-A05A801764DE}"
EndProject
Project("{9A19103F-16F7-4668-BE54-9A1E7A4F7556}") = "MedicalAppointments.Persistance", "MedicalAppointments.Persistance\MedicalAppointments.Persistance.csproj", "{D2139F6A-8B50-4B98-A23A-475CF6BAB747}"
EndProject
Project("{9A19103F-16F7-4668-BE54-9A1E7A4F7556}") = "MedicalAppointments.Infrastructure", "MedicalAppointments.Infrastructure\MedicalAppointments.Infrastructure.csproj", "{80BF308E-5918-40A4-A0C6-73DFAEF58A1E}"
EndProject
Project("{2150E333-8FDC-42A3-9474-1A3956D46DE8}") = "Api", "Api", "{E6861D84-C43C-45DC-8233-AD0A2B93514E}"
EndProject
Project("{9A19103F-16F7-4668-BE54-9A1E7A4F7556}") = "MedicalAppointment.Web", "MedicalAppointment.Web\MedicalAppointment.Web.csproj", "{B9113227-0D40-4525-9444-404AD60EB969}"
EndProject
Project("{9A19103F-16F7-4668-BE54-9A1E7A4F7556}") = "MedicalAppointment.Appointment.Api", "MedicalAppointment.Appointment.Appointment.Api\MedicalAppointment.Appointment.Api.csproj", "{EF681635-7D56-4767-8B84-444BDA2CD774}"
EndProject
Project("{9A19103F-16F7-4668-BE54-9A1E7A4F7556}") = "MedicalAppointment.Medical.Api", "MedicalAppointment.Medical.Api\MedicalAppointment.Medical.Api.csproj", "{40B8DFFF-865C-4F7B-B99F-663AC5ECB227}"
EndProject
Project("{9A19103F-16F7-4668-BE54-9A1E7A4F7556}") = "MedicalAppointment.Insurance.Api", "MedicalAppointment.Insurance.Api\MedicalAppointment.Insurance.Api.csproj", "{B118D798-2ABC-4A0B-903C-669924C93064}"
EndProject
Project("{9A19103F-16F7-4668-BE54-9A1E7A4F7556}") = "MedicalAppointment.Users.Api", "MedicalAppointment.Users\MedicalAppointment.Users.Api.csproj", "{7AF5EDD5-D119-43BB-8DC1-8583A90F5361}"
EndProject
Project("{9A19103F-16F7-4668-BE54-9A1E7A4F7556}") = "MedicalAppointment.System.Api", "MedicalAppointment.System.Api\MedicalAppointment.System.Api.csproj", "{D65F6B24-9589-452B-AC93-7B53CF3E5926}"
EndProject
Project("{FAE04EC0-301F-11D3-BF4B-00C04F79EFBC}") = "MedicalAppointment.Application", "MedicalAppointment.Application\MedicalAppointment.Application.csproj", "{5818DA99-2909-44B0-9829-27C37B4104E9}"
EndProject
Global
	GlobalSection(SolutionConfigurationPlatforms) = preSolution
		Debug|Any CPU = Debug|Any CPU
		Release|Any CPU = Release|Any CPU
	EndGlobalSection
	GlobalSection(ProjectConfigurationPlatforms) = postSolution
		{4A1C57AD-1D3E-4A21-94C8-A05A801764DE}.Debug|Any CPU.ActiveCfg = Debug|Any CPU
		{4A1C57AD-1D3E-4A21-94C8-A05A801764DE}.Debug|Any CPU.Build.0 = Debug|Any CPU
		{4A1C57AD-1D3E-4A21-94C8-A05A801764DE}.Release|Any CPU.ActiveCfg = Release|Any CPU
		{4A1C57AD-1D3E-4A21-94C8-A05A801764DE}.Release|Any CPU.Build.0 = Release|Any CPU
		{D2139F6A-8B50-4B98-A23A-475CF6BAB747}.Debug|Any CPU.ActiveCfg = Debug|Any CPU
		{D2139F6A-8B50-4B98-A23A-475CF6BAB747}.Debug|Any CPU.Build.0 = Debug|Any CPU
		{D2139F6A-8B50-4B98-A23A-475CF6BAB747}.Release|Any CPU.ActiveCfg = Release|Any CPU
		{D2139F6A-8B50-4B98-A23A-475CF6BAB747}.Release|Any CPU.Build.0 = Release|Any CPU
		{80BF308E-5918-40A4-A0C6-73DFAEF58A1E}.Debug|Any CPU.ActiveCfg = Debug|Any CPU
		{80BF308E-5918-40A4-A0C6-73DFAEF58A1E}.Debug|Any CPU.Build.0 = Debug|Any CPU
		{80BF308E-5918-40A4-A0C6-73DFAEF58A1E}.Release|Any CPU.ActiveCfg = Release|Any CPU
		{80BF308E-5918-40A4-A0C6-73DFAEF58A1E}.Release|Any CPU.Build.0 = Release|Any CPU
		{B9113227-0D40-4525-9444-404AD60EB969}.Debug|Any CPU.ActiveCfg = Debug|Any CPU
		{B9113227-0D40-4525-9444-404AD60EB969}.Debug|Any CPU.Build.0 = Debug|Any CPU
		{B9113227-0D40-4525-9444-404AD60EB969}.Release|Any CPU.ActiveCfg = Release|Any CPU
		{B9113227-0D40-4525-9444-404AD60EB969}.Release|Any CPU.Build.0 = Release|Any CPU
		{EF681635-7D56-4767-8B84-444BDA2CD774}.Debug|Any CPU.ActiveCfg = Debug|Any CPU
		{EF681635-7D56-4767-8B84-444BDA2CD774}.Debug|Any CPU.Build.0 = Debug|Any CPU
		{EF681635-7D56-4767-8B84-444BDA2CD774}.Release|Any CPU.ActiveCfg = Release|Any CPU
		{EF681635-7D56-4767-8B84-444BDA2CD774}.Release|Any CPU.Build.0 = Release|Any CPU
		{40B8DFFF-865C-4F7B-B99F-663AC5ECB227}.Debug|Any CPU.ActiveCfg = Debug|Any CPU
		{40B8DFFF-865C-4F7B-B99F-663AC5ECB227}.Debug|Any CPU.Build.0 = Debug|Any CPU
		{40B8DFFF-865C-4F7B-B99F-663AC5ECB227}.Release|Any CPU.ActiveCfg = Release|Any CPU
		{40B8DFFF-865C-4F7B-B99F-663AC5ECB227}.Release|Any CPU.Build.0 = Release|Any CPU
		{B118D798-2ABC-4A0B-903C-669924C93064}.Debug|Any CPU.ActiveCfg = Debug|Any CPU
		{B118D798-2ABC-4A0B-903C-669924C93064}.Debug|Any CPU.Build.0 = Debug|Any CPU
		{B118D798-2ABC-4A0B-903C-669924C93064}.Release|Any CPU.ActiveCfg = Release|Any CPU
		{B118D798-2ABC-4A0B-903C-669924C93064}.Release|Any CPU.Build.0 = Release|Any CPU
		{7AF5EDD5-D119-43BB-8DC1-8583A90F5361}.Debug|Any CPU.ActiveCfg = Debug|Any CPU
		{7AF5EDD5-D119-43BB-8DC1-8583A90F5361}.Debug|Any CPU.Build.0 = Debug|Any CPU
		{7AF5EDD5-D119-43BB-8DC1-8583A90F5361}.Release|Any CPU.ActiveCfg = Release|Any CPU
		{7AF5EDD5-D119-43BB-8DC1-8583A90F5361}.Release|Any CPU.Build.0 = Release|Any CPU
		{D65F6B24-9589-452B-AC93-7B53CF3E5926}.Debug|Any CPU.ActiveCfg = Debug|Any CPU
		{D65F6B24-9589-452B-AC93-7B53CF3E5926}.Debug|Any CPU.Build.0 = Debug|Any CPU
		{D65F6B24-9589-452B-AC93-7B53CF3E5926}.Release|Any CPU.ActiveCfg = Release|Any CPU
		{D65F6B24-9589-452B-AC93-7B53CF3E5926}.Release|Any CPU.Build.0 = Release|Any CPU
		{5818DA99-2909-44B0-9829-27C37B4104E9}.Debug|Any CPU.ActiveCfg = Debug|Any CPU
		{5818DA99-2909-44B0-9829-27C37B4104E9}.Debug|Any CPU.Build.0 = Debug|Any CPU
		{5818DA99-2909-44B0-9829-27C37B4104E9}.Release|Any CPU.ActiveCfg = Release|Any CPU
		{5818DA99-2909-44B0-9829-27C37B4104E9}.Release|Any CPU.Build.0 = Release|Any CPU
	EndGlobalSection
	GlobalSection(SolutionProperties) = preSolution
		HideSolutionNode = FALSE
	EndGlobalSection
	GlobalSection(NestedProjects) = preSolution
		{4A1C57AD-1D3E-4A21-94C8-A05A801764DE} = {04E9BA1B-BA0F-497F-86D1-E9633725B8A0}
		{D2139F6A-8B50-4B98-A23A-475CF6BAB747} = {04E9BA1B-BA0F-497F-86D1-E9633725B8A0}
		{80BF308E-5918-40A4-A0C6-73DFAEF58A1E} = {04E9BA1B-BA0F-497F-86D1-E9633725B8A0}
		{B9113227-0D40-4525-9444-404AD60EB969} = {BF5EF060-8389-4861-8BDC-A056C7B88901}
		{EF681635-7D56-4767-8B84-444BDA2CD774} = {E6861D84-C43C-45DC-8233-AD0A2B93514E}
		{40B8DFFF-865C-4F7B-B99F-663AC5ECB227} = {E6861D84-C43C-45DC-8233-AD0A2B93514E}
		{B118D798-2ABC-4A0B-903C-669924C93064} = {E6861D84-C43C-45DC-8233-AD0A2B93514E}
		{7AF5EDD5-D119-43BB-8DC1-8583A90F5361} = {E6861D84-C43C-45DC-8233-AD0A2B93514E}
		{D65F6B24-9589-452B-AC93-7B53CF3E5926} = {E6861D84-C43C-45DC-8233-AD0A2B93514E}
		{5818DA99-2909-44B0-9829-27C37B4104E9} = {04E9BA1B-BA0F-497F-86D1-E9633725B8A0}
	EndGlobalSection
	GlobalSection(ExtensibilityGlobals) = postSolution
		SolutionGuid = {035E8259-0685-4AA5-B16E-CDAF5FA73BDE}
	EndGlobalSection
EndGlobal
