
Microsoft Visual Studio Solution File, Format Version 12.00
# Visual Studio Version 17
VisualStudioVersion = 17.11.35303.130
MinimumVisualStudioVersion = 10.0.40219.1
Project("{2150E333-8FDC-42A3-9474-1A3956D46DE8}") = "BackEnd", "BackEnd", "{04E9BA1B-BA0F-497F-86D1-E9633725B8A0}"
EndProject
Project("{9A19103F-16F7-4668-BE54-9A1E7A4F7556}") = "MedicalAppointments.Domain", "MedicalAppointments.Domain\MedicalAppointments.Domain.csproj", "{4A1C57AD-1D3E-4A21-94C8-A05A801764DE}"
EndProject
Project("{9A19103F-16F7-4668-BE54-9A1E7A4F7556}") = "MedicalAppointments.Application", "MedicalAppointment.Application\MedicalAppointments.Application.csproj", "{5818DA99-2909-44B0-9829-27C37B4104E9}"
EndProject
Project("{FAE04EC0-301F-11D3-BF4B-00C04F79EFBC}") = "MedicalAppointments.Infrastructure", "MedicalAppointments.Infrastructure\MedicalAppointments.Infrastructure.csproj", "{8ED6F370-EA35-4C10-907E-6B2AB3553E18}"
EndProject
Project("{2150E333-8FDC-42A3-9474-1A3956D46DE8}") = "FrontEnd", "FrontEnd", "{515C6D06-D50C-4A9C-BE9F-5C427E5F8704}"
EndProject
Project("{FAE04EC0-301F-11D3-BF4B-00C04F79EFBC}") = "MedicalAppointments.Presentation", "MedicalAppointments.Presentation\MedicalAppointments.Presentation.csproj", "{154280AE-5047-4D76-B46B-06447E53382B}"
EndProject
Global
	GlobalSection(SolutionConfigurationPlatforms) = preSolution
		Debug|Any CPU = Debug|Any CPU
		Release|Any CPU = Release|Any CPU
	EndGlobalSection
	GlobalSection(ProjectConfigurationPlatforms) = postSolution
		{4A1C57AD-1D3E-4A21-94C8-A05A801764DE}.Debug|Any CPU.ActiveCfg = Debug|Any CPU
		{4A1C57AD-1D3E-4A21-94C8-A05A801764DE}.Debug|Any CPU.Build.0 = Debug|Any CPU
		{4A1C57AD-1D3E-4A21-94C8-A05A801764DE}.Release|Any CPU.ActiveCfg = Release|Any CPU
		{4A1C57AD-1D3E-4A21-94C8-A05A801764DE}.Release|Any CPU.Build.0 = Release|Any CPU
		{5818DA99-2909-44B0-9829-27C37B4104E9}.Debug|Any CPU.ActiveCfg = Debug|Any CPU
		{5818DA99-2909-44B0-9829-27C37B4104E9}.Debug|Any CPU.Build.0 = Debug|Any CPU
		{5818DA99-2909-44B0-9829-27C37B4104E9}.Release|Any CPU.ActiveCfg = Release|Any CPU
		{5818DA99-2909-44B0-9829-27C37B4104E9}.Release|Any CPU.Build.0 = Release|Any CPU
		{8ED6F370-EA35-4C10-907E-6B2AB3553E18}.Debug|Any CPU.ActiveCfg = Debug|Any CPU
		{8ED6F370-EA35-4C10-907E-6B2AB3553E18}.Debug|Any CPU.Build.0 = Debug|Any CPU
		{8ED6F370-EA35-4C10-907E-6B2AB3553E18}.Release|Any CPU.ActiveCfg = Release|Any CPU
		{8ED6F370-EA35-4C10-907E-6B2AB3553E18}.Release|Any CPU.Build.0 = Release|Any CPU
		{154280AE-5047-4D76-B46B-06447E53382B}.Debug|Any CPU.ActiveCfg = Debug|Any CPU
		{154280AE-5047-4D76-B46B-06447E53382B}.Debug|Any CPU.Build.0 = Debug|Any CPU
		{154280AE-5047-4D76-B46B-06447E53382B}.Release|Any CPU.ActiveCfg = Release|Any CPU
		{154280AE-5047-4D76-B46B-06447E53382B}.Release|Any CPU.Build.0 = Release|Any CPU
	EndGlobalSection
	GlobalSection(SolutionProperties) = preSolution
		HideSolutionNode = FALSE
	EndGlobalSection
	GlobalSection(NestedProjects) = preSolution
		{4A1C57AD-1D3E-4A21-94C8-A05A801764DE} = {04E9BA1B-BA0F-497F-86D1-E9633725B8A0}
		{5818DA99-2909-44B0-9829-27C37B4104E9} = {04E9BA1B-BA0F-497F-86D1-E9633725B8A0}
		{8ED6F370-EA35-4C10-907E-6B2AB3553E18} = {04E9BA1B-BA0F-497F-86D1-E9633725B8A0}
		{154280AE-5047-4D76-B46B-06447E53382B} = {515C6D06-D50C-4A9C-BE9F-5C427E5F8704}
	EndGlobalSection
	GlobalSection(ExtensibilityGlobals) = postSolution
		SolutionGuid = {035E8259-0685-4AA5-B16E-CDAF5FA73BDE}
	EndGlobalSection
EndGlobal
